// !$*UTF8*$!
{
	archiveVersion = 1;
	classes = {
	};
	objectVersion = 46;
	objects = {

/* Begin PBXBuildFile section */
		07191AB91D2D0C8A0066B415 /* AppDelegate.swift in Sources */ = {isa = PBXBuildFile; fileRef = 07191AB81D2D0C8A0066B415 /* AppDelegate.swift */; };
		07191ABB1D2D0C8A0066B415 /* ViewController.swift in Sources */ = {isa = PBXBuildFile; fileRef = 07191ABA1D2D0C8A0066B415 /* ViewController.swift */; };
		07191AC01D2D0C8A0066B415 /* Assets.xcassets in Resources */ = {isa = PBXBuildFile; fileRef = 07191ABF1D2D0C8A0066B415 /* Assets.xcassets */; };
		07191AC31D2D0C8A0066B415 /* LaunchScreen.storyboard in Resources */ = {isa = PBXBuildFile; fileRef = 07191AC11D2D0C8A0066B415 /* LaunchScreen.storyboard */; };
		07658CBC1D2D0DAF00853041 /* RestaurantTableViewController.swift in Sources */ = {isa = PBXBuildFile; fileRef = 07658CBB1D2D0DAF00853041 /* RestaurantTableViewController.swift */; };
		07658CBE1D2D12BC00853041 /* RestaurantTableViewCell.swift in Sources */ = {isa = PBXBuildFile; fileRef = 07658CBD1D2D12BC00853041 /* RestaurantTableViewCell.swift */; };
		07658CC01D2E3D7800853041 /* RestaurantDetailViewController.swift in Sources */ = {isa = PBXBuildFile; fileRef = 07658CBF1D2E3D7800853041 /* RestaurantDetailViewController.swift */; };
		076CFBF91D33BA0500034B2C /* WalkthroughContentViewController.swift in Sources */ = {isa = PBXBuildFile; fileRef = 076CFBF81D33BA0500034B2C /* WalkthroughContentViewController.swift */; };
		076CFBFB1D33BC1300034B2C /* WalkthroughPageViewController.swift in Sources */ = {isa = PBXBuildFile; fileRef = 076CFBFA1D33BC1300034B2C /* WalkthroughPageViewController.swift */; };
		076CFBFE1D33D3E100034B2C /* about.storyboard in Resources */ = {isa = PBXBuildFile; fileRef = 076CFBFC1D33D3E100034B2C /* about.storyboard */; };
		076CFC001D33D43D00034B2C /* discover.storyboard in Resources */ = {isa = PBXBuildFile; fileRef = 076CFBFF1D33D43D00034B2C /* discover.storyboard */; };
		0773CF721D2E4ECE007CDAFA /* Restaurant.swift in Sources */ = {isa = PBXBuildFile; fileRef = 0773CF711D2E4ECE007CDAFA /* Restaurant.swift */; };
		0773CF741D2E57EC007CDAFA /* RestaurantDetailTableViewCell.swift in Sources */ = {isa = PBXBuildFile; fileRef = 0773CF731D2E57EC007CDAFA /* RestaurantDetailTableViewCell.swift */; };
		0773CF761D2F52D2007CDAFA /* ReviewViewController.swift in Sources */ = {isa = PBXBuildFile; fileRef = 0773CF751D2F52D2007CDAFA /* ReviewViewController.swift */; };
		07C6B9631D2F7A1C00BAB0DA /* MapKit.framework in Frameworks */ = {isa = PBXBuildFile; fileRef = 07C6B9621D2F7A1C00BAB0DA /* MapKit.framework */; };
		07C6B9651D2F7D4600BAB0DA /* MapViewController.swift in Sources */ = {isa = PBXBuildFile; fileRef = 07C6B9641D2F7D4600BAB0DA /* MapViewController.swift */; };
		07C6B9671D2FBBEB00BAB0DA /* AddRestaurantController.swift in Sources */ = {isa = PBXBuildFile; fileRef = 07C6B9661D2FBBEB00BAB0DA /* AddRestaurantController.swift */; };
		07C6B9681D2FD02F00BAB0DA /* Main.storyboard in Resources */ = {isa = PBXBuildFile; fileRef = 07C6B96A1D2FD02F00BAB0DA /* Main.storyboard */; };
		07C6B96D1D310CEF00BAB0DA /* Project_004_FoodPin.xcdatamodeld in Sources */ = {isa = PBXBuildFile; fileRef = 07C6B96B1D310CEF00BAB0DA /* Project_004_FoodPin.xcdatamodeld */; };
/* End PBXBuildFile section */

/* Begin PBXFileReference section */
		07191AB51D2D0C8A0066B415 /* Project-004-FoodPin.app */ = {isa = PBXFileReference; explicitFileType = wrapper.application; includeInIndex = 0; path = "Project-004-FoodPin.app"; sourceTree = BUILT_PRODUCTS_DIR; };
		07191AB81D2D0C8A0066B415 /* AppDelegate.swift */ = {isa = PBXFileReference; lastKnownFileType = sourcecode.swift; path = AppDelegate.swift; sourceTree = "<group>"; };
		07191ABA1D2D0C8A0066B415 /* ViewController.swift */ = {isa = PBXFileReference; lastKnownFileType = sourcecode.swift; path = ViewController.swift; sourceTree = "<group>"; };
		07191ABF1D2D0C8A0066B415 /* Assets.xcassets */ = {isa = PBXFileReference; lastKnownFileType = folder.assetcatalog; path = Assets.xcassets; sourceTree = "<group>"; };
		07191AC21D2D0C8A0066B415 /* Base */ = {isa = PBXFileReference; lastKnownFileType = file.storyboard; name = Base; path = Base.lproj/LaunchScreen.storyboard; sourceTree = "<group>"; };
		07191AC41D2D0C8A0066B415 /* Info.plist */ = {isa = PBXFileReference; lastKnownFileType = text.plist.xml; path = Info.plist; sourceTree = "<group>"; };
		07658CBB1D2D0DAF00853041 /* RestaurantTableViewController.swift */ = {isa = PBXFileReference; fileEncoding = 4; lastKnownFileType = sourcecode.swift; path = RestaurantTableViewController.swift; sourceTree = "<group>"; };
		07658CBD1D2D12BC00853041 /* RestaurantTableViewCell.swift */ = {isa = PBXFileReference; fileEncoding = 4; lastKnownFileType = sourcecode.swift; path = RestaurantTableViewCell.swift; sourceTree = "<group>"; };
		07658CBF1D2E3D7800853041 /* RestaurantDetailViewController.swift */ = {isa = PBXFileReference; fileEncoding = 4; lastKnownFileType = sourcecode.swift; path = RestaurantDetailViewController.swift; sourceTree = "<group>"; };
		076CFBF81D33BA0500034B2C /* WalkthroughContentViewController.swift */ = {isa = PBXFileReference; fileEncoding = 4; lastKnownFileType = sourcecode.swift; path = WalkthroughContentViewController.swift; sourceTree = "<group>"; };
		076CFBFA1D33BC1300034B2C /* WalkthroughPageViewController.swift */ = {isa = PBXFileReference; fileEncoding = 4; lastKnownFileType = sourcecode.swift; path = WalkthroughPageViewController.swift; sourceTree = "<group>"; };
		076CFBFD1D33D3E100034B2C /* Base */ = {isa = PBXFileReference; lastKnownFileType = file.storyboard; name = Base; path = ../../../.Trash/Base.lproj/about.storyboard; sourceTree = "<group>"; };
		076CFBFF1D33D43D00034B2C /* discover.storyboard */ = {isa = PBXFileReference; fileEncoding = 4; lastKnownFileType = file.storyboard; path = discover.storyboard; sourceTree = "<group>"; };
		0773CF711D2E4ECE007CDAFA /* Restaurant.swift */ = {isa = PBXFileReference; fileEncoding = 4; lastKnownFileType = sourcecode.swift; path = Restaurant.swift; sourceTree = "<group>"; };
		0773CF731D2E57EC007CDAFA /* RestaurantDetailTableViewCell.swift */ = {isa = PBXFileReference; fileEncoding = 4; lastKnownFileType = sourcecode.swift; path = RestaurantDetailTableViewCell.swift; sourceTree = "<group>"; };
		0773CF751D2F52D2007CDAFA /* ReviewViewController.swift */ = {isa = PBXFileReference; fileEncoding = 4; lastKnownFileType = sourcecode.swift; path = ReviewViewController.swift; sourceTree = "<group>"; };
		07C6B9621D2F7A1C00BAB0DA /* MapKit.framework */ = {isa = PBXFileReference; lastKnownFileType = wrapper.framework; name = MapKit.framework; path = System/Library/Frameworks/MapKit.framework; sourceTree = SDKROOT; };
		07C6B9641D2F7D4600BAB0DA /* MapViewController.swift */ = {isa = PBXFileReference; fileEncoding = 4; lastKnownFileType = sourcecode.swift; path = MapViewController.swift; sourceTree = "<group>"; };
		07C6B9661D2FBBEB00BAB0DA /* AddRestaurantController.swift */ = {isa = PBXFileReference; fileEncoding = 4; lastKnownFileType = sourcecode.swift; path = AddRestaurantController.swift; sourceTree = "<group>"; };
		07C6B9691D2FD02F00BAB0DA /* Base */ = {isa = PBXFileReference; lastKnownFileType = file.storyboard; name = Base; path = Base.lproj/Main.storyboard; sourceTree = "<group>"; };
		07C6B96C1D310CEF00BAB0DA /* Project_004_FoodPin.xcdatamodel */ = {isa = PBXFileReference; lastKnownFileType = wrapper.xcdatamodel; path = Project_004_FoodPin.xcdatamodel; sourceTree = "<group>"; };
/* End PBXFileReference section */

/* Begin PBXFrameworksBuildPhase section */
		07191AB21D2D0C8A0066B415 /* Frameworks */ = {
			isa = PBXFrameworksBuildPhase;
			buildActionMask = 2147483647;
			files = (
				07C6B9631D2F7A1C00BAB0DA /* MapKit.framework in Frameworks */,
			);
			runOnlyForDeploymentPostprocessing = 0;
		};
/* End PBXFrameworksBuildPhase section */

/* Begin PBXGroup section */
		07191AAC1D2D0C8A0066B415 = {
			isa = PBXGroup;
			children = (
				07C6B9621D2F7A1C00BAB0DA /* MapKit.framework */,
				07191AB71D2D0C8A0066B415 /* Project-004-FoodPin */,
				07191AB61D2D0C8A0066B415 /* Products */,
			);
			sourceTree = "<group>";
		};
		07191AB61D2D0C8A0066B415 /* Products */ = {
			isa = PBXGroup;
			children = (
				07191AB51D2D0C8A0066B415 /* Project-004-FoodPin.app */,
			);
			name = Products;
			sourceTree = "<group>";
		};
		07191AB71D2D0C8A0066B415 /* Project-004-FoodPin */ = {
			isa = PBXGroup;
			children = (
				07191AB81D2D0C8A0066B415 /* AppDelegate.swift */,
				07191ABA1D2D0C8A0066B415 /* ViewController.swift */,
				07191ABF1D2D0C8A0066B415 /* Assets.xcassets */,
				07191AC11D2D0C8A0066B415 /* LaunchScreen.storyboard */,
				07191AC41D2D0C8A0066B415 /* Info.plist */,
				07C6B96A1D2FD02F00BAB0DA /* Main.storyboard */,
				076CFBFF1D33D43D00034B2C /* discover.storyboard */,
				076CFBFC1D33D3E100034B2C /* about.storyboard */,
				07658CBB1D2D0DAF00853041 /* RestaurantTableViewController.swift */,
				07658CBD1D2D12BC00853041 /* RestaurantTableViewCell.swift */,
				07658CBF1D2E3D7800853041 /* RestaurantDetailViewController.swift */,
				0773CF711D2E4ECE007CDAFA /* Restaurant.swift */,
				0773CF731D2E57EC007CDAFA /* RestaurantDetailTableViewCell.swift */,
				0773CF751D2F52D2007CDAFA /* ReviewViewController.swift */,
				07C6B9641D2F7D4600BAB0DA /* MapViewController.swift */,
				07C6B9661D2FBBEB00BAB0DA /* AddRestaurantController.swift */,
				07C6B96B1D310CEF00BAB0DA /* Project_004_FoodPin.xcdatamodeld */,
				076CFBF81D33BA0500034B2C /* WalkthroughContentViewController.swift */,
				076CFBFA1D33BC1300034B2C /* WalkthroughPageViewController.swift */,
			);
			path = "Project-004-FoodPin";
			sourceTree = "<group>";
		};
/* End PBXGroup section */

/* Begin PBXNativeTarget section */
		07191AB41D2D0C8A0066B415 /* Project-004-FoodPin */ = {
			isa = PBXNativeTarget;
			buildConfigurationList = 07191AC71D2D0C8A0066B415 /* Build configuration list for PBXNativeTarget "Project-004-FoodPin" */;
			buildPhases = (
				07191AB11D2D0C8A0066B415 /* Sources */,
				07191AB21D2D0C8A0066B415 /* Frameworks */,
				07191AB31D2D0C8A0066B415 /* Resources */,
			);
			buildRules = (
			);
			dependencies = (
			);
			name = "Project-004-FoodPin";
			productName = "Project-004-FoodPin";
			productReference = 07191AB51D2D0C8A0066B415 /* Project-004-FoodPin.app */;
			productType = "com.apple.product-type.application";
		};
/* End PBXNativeTarget section */

/* Begin PBXProject section */
		07191AAD1D2D0C8A0066B415 /* Project object */ = {
			isa = PBXProject;
			attributes = {
				LastSwiftUpdateCheck = 0730;
				LastUpgradeCheck = 0730;
				ORGANIZATIONNAME = Bean;
				TargetAttributes = {
					07191AB41D2D0C8A0066B415 = {
						CreatedOnToolsVersion = 7.3.1;
						DevelopmentTeam = 34R2ASR2T8;
						SystemCapabilities = {
							com.apple.Maps.iOS = {
								enabled = 1;
							};
						};
					};
				};
			};
			buildConfigurationList = 07191AB01D2D0C8A0066B415 /* Build configuration list for PBXProject "Project-004-FoodPin" */;
			compatibilityVersion = "Xcode 3.2";
			developmentRegion = English;
			hasScannedForEncodings = 0;
			knownRegions = (
				en,
				Base,
			);
			mainGroup = 07191AAC1D2D0C8A0066B415;
			productRefGroup = 07191AB61D2D0C8A0066B415 /* Products */;
			projectDirPath = "";
			projectRoot = "";
			targets = (
				07191AB41D2D0C8A0066B415 /* Project-004-FoodPin */,
			);
		};
/* End PBXProject section */

/* Begin PBXResourcesBuildPhase section */
		07191AB31D2D0C8A0066B415 /* Resources */ = {
			isa = PBXResourcesBuildPhase;
			buildActionMask = 2147483647;
			files = (
				07C6B9681D2FD02F00BAB0DA /* Main.storyboard in Resources */,
				07191AC31D2D0C8A0066B415 /* LaunchScreen.storyboard in Resources */,
				076CFC001D33D43D00034B2C /* discover.storyboard in Resources */,
				076CFBFE1D33D3E100034B2C /* about.storyboard in Resources */,
				07191AC01D2D0C8A0066B415 /* Assets.xcassets in Resources */,
			);
			runOnlyForDeploymentPostprocessing = 0;
		};
/* End PBXResourcesBuildPhase section */

/* Begin PBXSourcesBuildPhase section */
		07191AB11D2D0C8A0066B415 /* Sources */ = {
			isa = PBXSourcesBuildPhase;
			buildActionMask = 2147483647;
			files = (
				07658CBE1D2D12BC00853041 /* RestaurantTableViewCell.swift in Sources */,
				07191ABB1D2D0C8A0066B415 /* ViewController.swift in Sources */,
				0773CF721D2E4ECE007CDAFA /* Restaurant.swift in Sources */,
				076CFBF91D33BA0500034B2C /* WalkthroughContentViewController.swift in Sources */,
				07658CC01D2E3D7800853041 /* RestaurantDetailViewController.swift in Sources */,
				07C6B9671D2FBBEB00BAB0DA /* AddRestaurantController.swift in Sources */,
				07C6B96D1D310CEF00BAB0DA /* Project_004_FoodPin.xcdatamodeld in Sources */,
				07C6B9651D2F7D4600BAB0DA /* MapViewController.swift in Sources */,
				076CFBFB1D33BC1300034B2C /* WalkthroughPageViewController.swift in Sources */,
				07191AB91D2D0C8A0066B415 /* AppDelegate.swift in Sources */,
				07658CBC1D2D0DAF00853041 /* RestaurantTableViewController.swift in Sources */,
				0773CF761D2F52D2007CDAFA /* ReviewViewController.swift in Sources */,
				0773CF741D2E57EC007CDAFA /* RestaurantDetailTableViewCell.swift in Sources */,
			);
			runOnlyForDeploymentPostprocessing = 0;
		};
/* End PBXSourcesBuildPhase section */

/* Begin PBXVariantGroup section */
		07191AC11D2D0C8A0066B415 /* LaunchScreen.storyboard */ = {
			isa = PBXVariantGroup;
			children = (
				07191AC21D2D0C8A0066B415 /* Base */,
			);
			name = LaunchScreen.storyboard;
			sourceTree = "<group>";
		};
		076CFBFC1D33D3E100034B2C /* about.storyboard */ = {
			isa = PBXVariantGroup;
			children = (
				076CFBFD1D33D3E100034B2C /* Base */,
			);
			name = about.storyboard;
			sourceTree = "<group>";
		};
		07C6B96A1D2FD02F00BAB0DA /* Main.storyboard */ = {
			isa = PBXVariantGroup;
			children = (
				07C6B9691D2FD02F00BAB0DA /* Base */,
			);
			name = Main.storyboard;
			path = ../../../.Trash;
			sourceTree = "<group>";
		};
/* End PBXVariantGroup section */

/* Begin XCBuildConfiguration section */
		07191AC51D2D0C8A0066B415 /* Debug */ = {
			isa = XCBuildConfiguration;
			buildSettings = {
				ALWAYS_SEARCH_USER_PATHS = NO;
				CLANG_ANALYZER_NONNULL = YES;
				CLANG_CXX_LANGUAGE_STANDARD = "gnu++0x";
				CLANG_CXX_LIBRARY = "libc++";
				CLANG_ENABLE_MODULES = YES;
				CLANG_ENABLE_OBJC_ARC = YES;
				CLANG_WARN_BOOL_CONVERSION = YES;
				CLANG_WARN_CONSTANT_CONVERSION = YES;
				CLANG_WARN_DIRECT_OBJC_ISA_USAGE = YES_ERROR;
				CLANG_WARN_EMPTY_BODY = YES;
				CLANG_WARN_ENUM_CONVERSION = YES;
				CLANG_WARN_INT_CONVERSION = YES;
				CLANG_WARN_OBJC_ROOT_CLASS = YES_ERROR;
				CLANG_WARN_UNREACHABLE_CODE = YES;
				CLANG_WARN__DUPLICATE_METHOD_MATCH = YES;
				"CODE_SIGN_IDENTITY[sdk=iphoneos*]" = "iPhone Developer";
				COPY_PHASE_STRIP = NO;
				DEBUG_INFORMATION_FORMAT = dwarf;
				ENABLE_STRICT_OBJC_MSGSEND = YES;
				ENABLE_TESTABILITY = YES;
				GCC_C_LANGUAGE_STANDARD = gnu99;
				GCC_DYNAMIC_NO_PIC = NO;
				GCC_NO_COMMON_BLOCKS = YES;
				GCC_OPTIMIZATION_LEVEL = 0;
				GCC_PREPROCESSOR_DEFINITIONS = (
					"DEBUG=1",
					"$(inherited)",
				);
				GCC_WARN_64_TO_32_BIT_CONVERSION = YES;
				GCC_WARN_ABOUT_RETURN_TYPE = YES_ERROR;
				GCC_WARN_UNDECLARED_SELECTOR = YES;
				GCC_WARN_UNINITIALIZED_AUTOS = YES_AGGRESSIVE;
				GCC_WARN_UNUSED_FUNCTION = YES;
				GCC_WARN_UNUSED_VARIABLE = YES;
				IPHONEOS_DEPLOYMENT_TARGET = 9.3;
				MTL_ENABLE_DEBUG_INFO = YES;
				ONLY_ACTIVE_ARCH = YES;
				SDKROOT = iphoneos;
				SWIFT_OPTIMIZATION_LEVEL = "-Onone";
			};
			name = Debug;
		};
		07191AC61D2D0C8A0066B415 /* Release */ = {
			isa = XCBuildConfiguration;
			buildSettings = {
				ALWAYS_SEARCH_USER_PATHS = NO;
				CLANG_ANALYZER_NONNULL = YES;
				CLANG_CXX_LANGUAGE_STANDARD = "gnu++0x";
				CLANG_CXX_LIBRARY = "libc++";
				CLANG_ENABLE_MODULES = YES;
				CLANG_ENABLE_OBJC_ARC = YES;
				CLANG_WARN_BOOL_CONVERSION = YES;
				CLANG_WARN_CONSTANT_CONVERSION = YES;
				CLANG_WARN_DIRECT_OBJC_ISA_USAGE = YES_ERROR;
				CLANG_WARN_EMPTY_BODY = YES;
				CLANG_WARN_ENUM_CONVERSION = YES;
				CLANG_WARN_INT_CONVERSION = YES;
				CLANG_WARN_OBJC_ROOT_CLASS = YES_ERROR;
				CLANG_WARN_UNREACHABLE_CODE = YES;
				CLANG_WARN__DUPLICATE_METHOD_MATCH = YES;
				"CODE_SIGN_IDENTITY[sdk=iphoneos*]" = "iPhone Developer";
				COPY_PHASE_STRIP = NO;
				DEBUG_INFORMATION_FORMAT = "dwarf-with-dsym";
				ENABLE_NS_ASSERTIONS = NO;
				ENABLE_STRICT_OBJC_MSGSEND = YES;
				GCC_C_LANGUAGE_STANDARD = gnu99;
				GCC_NO_COMMON_BLOCKS = YES;
				GCC_WARN_64_TO_32_BIT_CONVERSION = YES;
				GCC_WARN_ABOUT_RETURN_TYPE = YES_ERROR;
				GCC_WARN_UNDECLARED_SELECTOR = YES;
				GCC_WARN_UNINITIALIZED_AUTOS = YES_AGGRESSIVE;
				GCC_WARN_UNUSED_FUNCTION = YES;
				GCC_WARN_UNUSED_VARIABLE = YES;
				IPHONEOS_DEPLOYMENT_TARGET = 9.3;
				MTL_ENABLE_DEBUG_INFO = NO;
				SDKROOT = iphoneos;
				VALIDATE_PRODUCT = YES;
			};
			name = Release;
		};
		07191AC81D2D0C8A0066B415 /* Debug */ = {
			isa = XCBuildConfiguration;
			buildSettings = {
				ASSETCATALOG_COMPILER_APPICON_NAME = AppIcon;
				INFOPLIST_FILE = "Project-004-FoodPin/Info.plist";
				LD_RUNPATH_SEARCH_PATHS = "$(inherited) @executable_path/Frameworks";
				PRODUCT_BUNDLE_IDENTIFIER = "com.codingbean.Project-004-FoodPin";
				PRODUCT_NAME = "$(TARGET_NAME)";
			};
			name = Debug;
		};
		07191AC91D2D0C8A0066B415 /* Release */ = {
			isa = XCBuildConfiguration;
			buildSettings = {
				ASSETCATALOG_COMPILER_APPICON_NAME = AppIcon;
				INFOPLIST_FILE = "Project-004-FoodPin/Info.plist";
				LD_RUNPATH_SEARCH_PATHS = "$(inherited) @executable_path/Frameworks";
				PRODUCT_BUNDLE_IDENTIFIER = "com.codingbean.Project-004-FoodPin";
				PRODUCT_NAME = "$(TARGET_NAME)";
			};
			name = Release;
		};
/* End XCBuildConfiguration section */

/* Begin XCConfigurationList section */
		07191AB01D2D0C8A0066B415 /* Build configuration list for PBXProject "Project-004-FoodPin" */ = {
			isa = XCConfigurationList;
			buildConfigurations = (
				07191AC51D2D0C8A0066B415 /* Debug */,
				07191AC61D2D0C8A0066B415 /* Release */,
			);
			defaultConfigurationIsVisible = 0;
			defaultConfigurationName = Release;
		};
		07191AC71D2D0C8A0066B415 /* Build configuration list for PBXNativeTarget "Project-004-FoodPin" */ = {
			isa = XCConfigurationList;
			buildConfigurations = (
				07191AC81D2D0C8A0066B415 /* Debug */,
				07191AC91D2D0C8A0066B415 /* Release */,
			);
			defaultConfigurationIsVisible = 0;
			defaultConfigurationName = Release;
		};
/* End XCConfigurationList section */

/* Begin XCVersionGroup section */
		07C6B96B1D310CEF00BAB0DA /* Project_004_FoodPin.xcdatamodeld */ = {
			isa = XCVersionGroup;
			children = (
				07C6B96C1D310CEF00BAB0DA /* Project_004_FoodPin.xcdatamodel */,
			);
			currentVersion = 07C6B96C1D310CEF00BAB0DA /* Project_004_FoodPin.xcdatamodel */;
			path = Project_004_FoodPin.xcdatamodeld;
			sourceTree = "<group>";
			versionGroupType = wrapper.xcdatamodel;
		};
/* End XCVersionGroup section */
	};
	rootObject = 07191AAD1D2D0C8A0066B415 /* Project object */;
}
